
Microsoft Visual Studio Solution File, Format Version 12.00
# Visual Studio Version 17
VisualStudioVersion = 17.7.34221.43
MinimumVisualStudioVersion = 10.0.40219.1
Project("{FAE04EC0-301F-11D3-BF4B-00C04F79EFBC}") = "custom-return-numeric", "custom-return-numeric\custom-return-numeric.csproj", "{A0C4619B-2FA5-4365-A1EF-85802047FADB}"
EndProject
Global
	GlobalSection(SolutionConfigurationPlatforms) = preSolution
		Debug|Any CPU = Debug|Any CPU
		Release|Any CPU = Release|Any CPU
	EndGlobalSection
	GlobalSection(ProjectConfigurationPlatforms) = postSolution
		{A0C4619B-2FA5-4365-A1EF-85802047FADB}.Debug|Any CPU.ActiveCfg = Debug|Any CPU
		{A0C4619B-2FA5-4365-A1EF-85802047FADB}.Debug|Any CPU.Build.0 = Debug|Any CPU
		{A0C4619B-2FA5-4365-A1EF-85802047FADB}.Release|Any CPU.ActiveCfg = Release|Any CPU
		{A0C4619B-2FA5-4365-A1EF-85802047FADB}.Release|Any CPU.Build.0 = Release|Any CPU
	EndGlobalSection
	GlobalSection(SolutionProperties) = preSolution
		HideSolutionNode = FALSE
	EndGlobalSection
	GlobalSection(ExtensibilityGlobals) = postSolution
		SolutionGuid = {AF024E80-D83D-4728-A19E-DBFD48482D98}
	EndGlobalSection
EndGlobal
